
Microsoft Visual Studio Solution File, Format Version 12.00
# Visual Studio Version 17
VisualStudioVersion = 17.4.33110.190
MinimumVisualStudioVersion = 10.0.40219.1
Project("{FAE04EC0-301F-11D3-BF4B-00C04F79EFBC}") = "EmployeeWage222", "EmployeeWage222.csproj", "{21E549A0-A733-4D1F-B3BA-175DF3DFFF1B}"
EndProject
Global
	GlobalSection(SolutionConfigurationPlatforms) = preSolution
		Debug|Any CPU = Debug|Any CPU
		Release|Any CPU = Release|Any CPU
	EndGlobalSection
	GlobalSection(ProjectConfigurationPlatforms) = postSolution
		{21E549A0-A733-4D1F-B3BA-175DF3DFFF1B}.Debug|Any CPU.ActiveCfg = Debug|Any CPU
		{21E549A0-A733-4D1F-B3BA-175DF3DFFF1B}.Debug|Any CPU.Build.0 = Debug|Any CPU
		{21E549A0-A733-4D1F-B3BA-175DF3DFFF1B}.Release|Any CPU.ActiveCfg = Release|Any CPU
		{21E549A0-A733-4D1F-B3BA-175DF3DFFF1B}.Release|Any CPU.Build.0 = Release|Any CPU
	EndGlobalSection
	GlobalSection(SolutionProperties) = preSolution
		HideSolutionNode = FALSE
	EndGlobalSection
	GlobalSection(ExtensibilityGlobals) = postSolution
		SolutionGuid = {19C31735-19A1-49DA-A40C-22FEFB902CEB}
	EndGlobalSection
EndGlobal
